// !$*UTF8*$!
{
	archiveVersion = 1;
	classes = {
	};
	objectVersion = 46;
	objects = {

/* Begin PBXBuildFile section */
		13684A6B1A37583E00A508FB /* main.m in Sources */ = {isa = PBXBuildFile; fileRef = 13684A6A1A37583E00A508FB /* main.m */; };
		13684A6E1A37583E00A508FB /* AppDelegate.m in Sources */ = {isa = PBXBuildFile; fileRef = 13684A6D1A37583E00A508FB /* AppDelegate.m */; };
		13684A711A37583E00A508FB /* ViewController.m in Sources */ = {isa = PBXBuildFile; fileRef = 13684A701A37583E00A508FB /* ViewController.m */; };
		13684A741A37583E00A508FB /* Main.storyboard in Resources */ = {isa = PBXBuildFile; fileRef = 13684A721A37583E00A508FB /* Main.storyboard */; };
		13684A761A37583E00A508FB /* Images.xcassets in Resources */ = {isa = PBXBuildFile; fileRef = 13684A751A37583E00A508FB /* Images.xcassets */; };
		13684A791A37583E00A508FB /* LaunchScreen.xib in Resources */ = {isa = PBXBuildFile; fileRef = 13684A771A37583E00A508FB /* LaunchScreen.xib */; };
		13684A851A37583E00A508FB /* YiYiProjectTests.m in Sources */ = {isa = PBXBuildFile; fileRef = 13684A841A37583E00A508FB /* YiYiProjectTests.m */; };
		13684A901A37585200A508FB /* RootViewController.m in Sources */ = {isa = PBXBuildFile; fileRef = 13684A8F1A37585200A508FB /* RootViewController.m */; };
		138C2BF41A39E09200EA59F5 /* UMSocialLocalizable.strings in Resources */ = {isa = PBXBuildFile; fileRef = 138C2BCB1A39E09200EA59F5 /* UMSocialLocalizable.strings */; };
		138C2BF51A39E09200EA59F5 /* libUMSocial_Sdk_4.2.1.a in Frameworks */ = {isa = PBXBuildFile; fileRef = 138C2BD91A39E09200EA59F5 /* libUMSocial_Sdk_4.2.1.a */; };
		138C2BF61A39E09200EA59F5 /* UMSCommentDetailController.xib in Resources */ = {isa = PBXBuildFile; fileRef = 138C2BDB1A39E09200EA59F5 /* UMSCommentDetailController.xib */; };
		138C2BF71A39E09200EA59F5 /* UMSCommentInputController.xib in Resources */ = {isa = PBXBuildFile; fileRef = 138C2BDC1A39E09200EA59F5 /* UMSCommentInputController.xib */; };
		138C2BF81A39E09200EA59F5 /* UMSCommentInputControlleriPad.xib in Resources */ = {isa = PBXBuildFile; fileRef = 138C2BDD1A39E09200EA59F5 /* UMSCommentInputControlleriPad.xib */; };
		138C2BF91A39E09200EA59F5 /* UMShareEditViewController.xib in Resources */ = {isa = PBXBuildFile; fileRef = 138C2BDE1A39E09200EA59F5 /* UMShareEditViewController.xib */; };
		138C2BFA1A39E09200EA59F5 /* UMShareEditViewControlleriPad.xib in Resources */ = {isa = PBXBuildFile; fileRef = 138C2BDF1A39E09200EA59F5 /* UMShareEditViewControlleriPad.xib */; };
		138C2BFB1A39E09200EA59F5 /* UMSLoginViewController.xib in Resources */ = {isa = PBXBuildFile; fileRef = 138C2BE01A39E09200EA59F5 /* UMSLoginViewController.xib */; };
		138C2BFC1A39E09200EA59F5 /* UMSnsAccountViewController.xib in Resources */ = {isa = PBXBuildFile; fileRef = 138C2BE11A39E09200EA59F5 /* UMSnsAccountViewController.xib */; };
		138C2BFD1A39E09200EA59F5 /* UMSShareListController.xib in Resources */ = {isa = PBXBuildFile; fileRef = 138C2BE21A39E09200EA59F5 /* UMSShareListController.xib */; };
		138C2BFE1A39E09200EA59F5 /* UMSocialSDKResourcesNew.bundle in Resources */ = {isa = PBXBuildFile; fileRef = 138C2BE31A39E09200EA59F5 /* UMSocialSDKResourcesNew.bundle */; };
		138C2BFF1A39E09200EA59F5 /* libSocialSina.a in Frameworks */ = {isa = PBXBuildFile; fileRef = 138C2BE71A39E09200EA59F5 /* libSocialSina.a */; };
		138C2C001A39E09200EA59F5 /* libSocialQQ.a in Frameworks */ = {isa = PBXBuildFile; fileRef = 138C2BEA1A39E09200EA59F5 /* libSocialQQ.a */; };
		138C2C011A39E09200EA59F5 /* TencentOpenAPI.framework in Frameworks */ = {isa = PBXBuildFile; fileRef = 138C2BEB1A39E09200EA59F5 /* TencentOpenAPI.framework */; };
		138C2C021A39E09200EA59F5 /* TencentOpenApi_IOS_Bundle.bundle in Resources */ = {isa = PBXBuildFile; fileRef = 138C2BEC1A39E09200EA59F5 /* TencentOpenApi_IOS_Bundle.bundle */; };
		138C2C031A39E09200EA59F5 /* libSocialWechat.a in Frameworks */ = {isa = PBXBuildFile; fileRef = 138C2BEF1A39E09200EA59F5 /* libSocialWechat.a */; };
		138C2C041A39E09200EA59F5 /* libWeChatSDK.a in Frameworks */ = {isa = PBXBuildFile; fileRef = 138C2BF01A39E09200EA59F5 /* libWeChatSDK.a */; };
		138C2C061A39E22700EA59F5 /* Security.framework in Frameworks */ = {isa = PBXBuildFile; fileRef = 138C2C051A39E22700EA59F5 /* Security.framework */; };
		138C2C081A39E23200EA59F5 /* libiconv.dylib in Frameworks */ = {isa = PBXBuildFile; fileRef = 138C2C071A39E23200EA59F5 /* libiconv.dylib */; };
		138C2C0A1A39E23E00EA59F5 /* SystemConfiguration.framework in Frameworks */ = {isa = PBXBuildFile; fileRef = 138C2C091A39E23E00EA59F5 /* SystemConfiguration.framework */; };
		138C2C0C1A39E24600EA59F5 /* CoreGraphics.framework in Frameworks */ = {isa = PBXBuildFile; fileRef = 138C2C0B1A39E24600EA59F5 /* CoreGraphics.framework */; };
		138C2C0E1A39E25000EA59F5 /* libsqlite3.dylib in Frameworks */ = {isa = PBXBuildFile; fileRef = 138C2C0D1A39E25000EA59F5 /* libsqlite3.dylib */; };
		138C2C101A39E3FF00EA59F5 /* CoreTelephony.framework in Frameworks */ = {isa = PBXBuildFile; fileRef = 138C2C0F1A39E3FF00EA59F5 /* CoreTelephony.framework */; };
		138C2C121A39E45E00EA59F5 /* libstdc++.dylib in Frameworks */ = {isa = PBXBuildFile; fileRef = 138C2C111A39E45E00EA59F5 /* libstdc++.dylib */; };
		138C2C141A39E46B00EA59F5 /* libz.dylib in Frameworks */ = {isa = PBXBuildFile; fileRef = 138C2C131A39E46B00EA59F5 /* libz.dylib */; };
		138C2C181A39E5DA00EA59F5 /* LoginViewController.m in Sources */ = {isa = PBXBuildFile; fileRef = 138C2C161A39E5DA00EA59F5 /* LoginViewController.m */; };
		138C2C191A39E5DA00EA59F5 /* LoginViewController.xib in Resources */ = {isa = PBXBuildFile; fileRef = 138C2C171A39E5DA00EA59F5 /* LoginViewController.xib */; };
		138C2C1D1A39E77300EA59F5 /* BaseModel.m in Sources */ = {isa = PBXBuildFile; fileRef = 138C2C1C1A39E77300EA59F5 /* BaseModel.m */; };
		13A3897E1A3878FE00ABBACB /* MyViewController.m in Sources */ = {isa = PBXBuildFile; fileRef = 13A3897D1A3878FE00ABBACB /* MyViewController.m */; };
		13A389861A387A8800ABBACB /* UIColor+ConvertColor.m in Sources */ = {isa = PBXBuildFile; fileRef = 13A389821A387A8800ABBACB /* UIColor+ConvertColor.m */; };
		13A389871A387A8800ABBACB /* UIView+Frame.m in Sources */ = {isa = PBXBuildFile; fileRef = 13A389851A387A8800ABBACB /* UIView+Frame.m */; };
		13A3898B1A38937600ABBACB /* HomeViewController.m in Sources */ = {isa = PBXBuildFile; fileRef = 13A389891A38937600ABBACB /* HomeViewController.m */; };
		13A3898C1A38937600ABBACB /* HomeViewController.xib in Resources */ = {isa = PBXBuildFile; fileRef = 13A3898A1A38937600ABBACB /* HomeViewController.xib */; };
		13A389961A3893D000ABBACB /* TTaiViewController.m in Sources */ = {isa = PBXBuildFile; fileRef = 13A389941A3893D000ABBACB /* TTaiViewController.m */; };
		13A389971A3893D000ABBACB /* TTaiViewController.xib in Resources */ = {isa = PBXBuildFile; fileRef = 13A389951A3893D000ABBACB /* TTaiViewController.xib */; };
		13A3899C1A3893FC00ABBACB /* MessageViewController.m in Sources */ = {isa = PBXBuildFile; fileRef = 13A3899A1A3893FC00ABBACB /* MessageViewController.m */; };
		13A3899D1A3893FC00ABBACB /* MessageViewController.xib in Resources */ = {isa = PBXBuildFile; fileRef = 13A3899B1A3893FC00ABBACB /* MessageViewController.xib */; };
		13A389A21A38942D00ABBACB /* MineViewController.m in Sources */ = {isa = PBXBuildFile; fileRef = 13A389A01A38942D00ABBACB /* MineViewController.m */; };
		13A389A31A38942D00ABBACB /* MineViewController.xib in Resources */ = {isa = PBXBuildFile; fileRef = 13A389A11A38942D00ABBACB /* MineViewController.xib */; };
		13A389B81A38974F00ABBACB /* bluedown1@2x.png in Resources */ = {isa = PBXBuildFile; fileRef = 13A389A71A38974F00ABBACB /* bluedown1@2x.png */; };
		13A389B91A38974F00ABBACB /* blueup1@2x.png in Resources */ = {isa = PBXBuildFile; fileRef = 13A389A81A38974F00ABBACB /* blueup1@2x.png */; };
		13A389BA1A38974F00ABBACB /* LRefreshTableHeaderView.m in Sources */ = {isa = PBXBuildFile; fileRef = 13A389AA1A38974F00ABBACB /* LRefreshTableHeaderView.m */; settings = {COMPILER_FLAGS = "-fno-objc-arc"; }; };
		13A389BB1A38974F00ABBACB /* LTools.m in Sources */ = {isa = PBXBuildFile; fileRef = 13A389AC1A38974F00ABBACB /* LTools.m */; };
		13A389BC1A38974F00ABBACB /* NSString+Emoji.m in Sources */ = {isa = PBXBuildFile; fileRef = 13A389AF1A38974F00ABBACB /* NSString+Emoji.m */; };
		13A389BD1A38974F00ABBACB /* RefreshTableView.m in Sources */ = {isa = PBXBuildFile; fileRef = 13A389B11A38974F00ABBACB /* RefreshTableView.m */; };
		13EA3D1E1A3B2682002AF7D6 /* HomeBuyController.m in Sources */ = {isa = PBXBuildFile; fileRef = 13EA3D1D1A3B2682002AF7D6 /* HomeBuyController.m */; };
		13EA3D211A3B2DC1002AF7D6 /* HomeClothController.m in Sources */ = {isa = PBXBuildFile; fileRef = 13EA3D201A3B2DC1002AF7D6 /* HomeClothController.m */; };
		13EA3D241A3B2E13002AF7D6 /* HomeMatchController.m in Sources */ = {isa = PBXBuildFile; fileRef = 13EA3D231A3B2E13002AF7D6 /* HomeMatchController.m */; };
		AB9102ED706793EE205C4D50 /* libPods.a in Frameworks */ = {isa = PBXBuildFile; fileRef = F47272E4C36CD60C81CD9A79 /* libPods.a */; };
/* End PBXBuildFile section */

/* Begin PBXContainerItemProxy section */
		13684A7F1A37583E00A508FB /* PBXContainerItemProxy */ = {
			isa = PBXContainerItemProxy;
			containerPortal = 13684A5D1A37583E00A508FB /* Project object */;
			proxyType = 1;
			remoteGlobalIDString = 13684A641A37583E00A508FB;
			remoteInfo = YiYiProject;
		};
/* End PBXContainerItemProxy section */

/* Begin PBXFileReference section */
		13684A651A37583E00A508FB /* YiYiProject.app */ = {isa = PBXFileReference; explicitFileType = wrapper.application; includeInIndex = 0; path = YiYiProject.app; sourceTree = BUILT_PRODUCTS_DIR; };
		13684A691A37583E00A508FB /* Info.plist */ = {isa = PBXFileReference; lastKnownFileType = text.plist.xml; path = Info.plist; sourceTree = "<group>"; };
		13684A6A1A37583E00A508FB /* main.m */ = {isa = PBXFileReference; lastKnownFileType = sourcecode.c.objc; path = main.m; sourceTree = "<group>"; };
		13684A6C1A37583E00A508FB /* AppDelegate.h */ = {isa = PBXFileReference; lastKnownFileType = sourcecode.c.h; path = AppDelegate.h; sourceTree = "<group>"; };
		13684A6D1A37583E00A508FB /* AppDelegate.m */ = {isa = PBXFileReference; lastKnownFileType = sourcecode.c.objc; path = AppDelegate.m; sourceTree = "<group>"; };
		13684A6F1A37583E00A508FB /* ViewController.h */ = {isa = PBXFileReference; lastKnownFileType = sourcecode.c.h; path = ViewController.h; sourceTree = "<group>"; };
		13684A701A37583E00A508FB /* ViewController.m */ = {isa = PBXFileReference; lastKnownFileType = sourcecode.c.objc; path = ViewController.m; sourceTree = "<group>"; };
		13684A731A37583E00A508FB /* Base */ = {isa = PBXFileReference; lastKnownFileType = file.storyboard; name = Base; path = Base.lproj/Main.storyboard; sourceTree = "<group>"; };
		13684A751A37583E00A508FB /* Images.xcassets */ = {isa = PBXFileReference; lastKnownFileType = folder.assetcatalog; path = Images.xcassets; sourceTree = "<group>"; };
		13684A781A37583E00A508FB /* Base */ = {isa = PBXFileReference; lastKnownFileType = file.xib; name = Base; path = Base.lproj/LaunchScreen.xib; sourceTree = "<group>"; };
		13684A7E1A37583E00A508FB /* YiYiProjectTests.xctest */ = {isa = PBXFileReference; explicitFileType = wrapper.cfbundle; includeInIndex = 0; path = YiYiProjectTests.xctest; sourceTree = BUILT_PRODUCTS_DIR; };
		13684A831A37583E00A508FB /* Info.plist */ = {isa = PBXFileReference; lastKnownFileType = text.plist.xml; path = Info.plist; sourceTree = "<group>"; };
		13684A841A37583E00A508FB /* YiYiProjectTests.m */ = {isa = PBXFileReference; lastKnownFileType = sourcecode.c.objc; path = YiYiProjectTests.m; sourceTree = "<group>"; };
		13684A8E1A37585200A508FB /* RootViewController.h */ = {isa = PBXFileReference; fileEncoding = 4; lastKnownFileType = sourcecode.c.h; path = RootViewController.h; sourceTree = "<group>"; };
		13684A8F1A37585200A508FB /* RootViewController.m */ = {isa = PBXFileReference; fileEncoding = 4; lastKnownFileType = sourcecode.c.objc; path = RootViewController.m; sourceTree = "<group>"; };
		138C2BCC1A39E09200EA59F5 /* en */ = {isa = PBXFileReference; lastKnownFileType = text.plist.strings; name = en; path = en.lproj/UMSocialLocalizable.strings; sourceTree = "<group>"; };
		138C2BCE1A39E09200EA59F5 /* UMSocial.h */ = {isa = PBXFileReference; fileEncoding = 4; lastKnownFileType = sourcecode.c.h; path = UMSocial.h; sourceTree = "<group>"; };
		138C2BCF1A39E09200EA59F5 /* UMSocialAccountManager.h */ = {isa = PBXFileReference; fileEncoding = 4; lastKnownFileType = sourcecode.c.h; path = UMSocialAccountManager.h; sourceTree = "<group>"; };
		138C2BD01A39E09200EA59F5 /* UMSocialBar.h */ = {isa = PBXFileReference; fileEncoding = 4; lastKnownFileType = sourcecode.c.h; path = UMSocialBar.h; sourceTree = "<group>"; };
		138C2BD11A39E09200EA59F5 /* UMSocialConfig.h */ = {isa = PBXFileReference; fileEncoding = 4; lastKnownFileType = sourcecode.c.h; path = UMSocialConfig.h; sourceTree = "<group>"; };
		138C2BD21A39E09200EA59F5 /* UMSocialControllerService.h */ = {isa = PBXFileReference; fileEncoding = 4; lastKnownFileType = sourcecode.c.h; path = UMSocialControllerService.h; sourceTree = "<group>"; };
		138C2BD31A39E09200EA59F5 /* UMSocialControllerServiceComment.h */ = {isa = PBXFileReference; fileEncoding = 4; lastKnownFileType = sourcecode.c.h; path = UMSocialControllerServiceComment.h; sourceTree = "<group>"; };
		138C2BD41A39E09200EA59F5 /* UMSocialData.h */ = {isa = PBXFileReference; fileEncoding = 4; lastKnownFileType = sourcecode.c.h; path = UMSocialData.h; sourceTree = "<group>"; };
		138C2BD51A39E09200EA59F5 /* UMSocialDataService.h */ = {isa = PBXFileReference; fileEncoding = 4; lastKnownFileType = sourcecode.c.h; path = UMSocialDataService.h; sourceTree = "<group>"; };
		138C2BD61A39E09200EA59F5 /* UMSocialSnsData.h */ = {isa = PBXFileReference; fileEncoding = 4; lastKnownFileType = sourcecode.c.h; path = UMSocialSnsData.h; sourceTree = "<group>"; };
		138C2BD71A39E09200EA59F5 /* UMSocialSnsPlatformManager.h */ = {isa = PBXFileReference; fileEncoding = 4; lastKnownFileType = sourcecode.c.h; path = UMSocialSnsPlatformManager.h; sourceTree = "<group>"; };
		138C2BD81A39E09200EA59F5 /* UMSocialSnsService.h */ = {isa = PBXFileReference; fileEncoding = 4; lastKnownFileType = sourcecode.c.h; path = UMSocialSnsService.h; sourceTree = "<group>"; };
		138C2BD91A39E09200EA59F5 /* libUMSocial_Sdk_4.2.1.a */ = {isa = PBXFileReference; lastKnownFileType = archive.ar; path = libUMSocial_Sdk_4.2.1.a; sourceTree = "<group>"; };
		138C2BDB1A39E09200EA59F5 /* UMSCommentDetailController.xib */ = {isa = PBXFileReference; fileEncoding = 4; lastKnownFileType = file.xib; path = UMSCommentDetailController.xib; sourceTree = "<group>"; };
		138C2BDC1A39E09200EA59F5 /* UMSCommentInputController.xib */ = {isa = PBXFileReference; fileEncoding = 4; lastKnownFileType = file.xib; path = UMSCommentInputController.xib; sourceTree = "<group>"; };
		138C2BDD1A39E09200EA59F5 /* UMSCommentInputControlleriPad.xib */ = {isa = PBXFileReference; fileEncoding = 4; lastKnownFileType = file.xib; path = UMSCommentInputControlleriPad.xib; sourceTree = "<group>"; };
		138C2BDE1A39E09200EA59F5 /* UMShareEditViewController.xib */ = {isa = PBXFileReference; fileEncoding = 4; lastKnownFileType = file.xib; path = UMShareEditViewController.xib; sourceTree = "<group>"; };
		138C2BDF1A39E09200EA59F5 /* UMShareEditViewControlleriPad.xib */ = {isa = PBXFileReference; fileEncoding = 4; lastKnownFileType = file.xib; path = UMShareEditViewControlleriPad.xib; sourceTree = "<group>"; };
		138C2BE01A39E09200EA59F5 /* UMSLoginViewController.xib */ = {isa = PBXFileReference; fileEncoding = 4; lastKnownFileType = file.xib; path = UMSLoginViewController.xib; sourceTree = "<group>"; };
		138C2BE11A39E09200EA59F5 /* UMSnsAccountViewController.xib */ = {isa = PBXFileReference; fileEncoding = 4; lastKnownFileType = file.xib; path = UMSnsAccountViewController.xib; sourceTree = "<group>"; };
		138C2BE21A39E09200EA59F5 /* UMSShareListController.xib */ = {isa = PBXFileReference; fileEncoding = 4; lastKnownFileType = file.xib; path = UMSShareListController.xib; sourceTree = "<group>"; };
		138C2BE31A39E09200EA59F5 /* UMSocialSDKResourcesNew.bundle */ = {isa = PBXFileReference; lastKnownFileType = "wrapper.plug-in"; path = UMSocialSDKResourcesNew.bundle; sourceTree = "<group>"; };
		138C2BE41A39E09200EA59F5 /* zh-Hans */ = {isa = PBXFileReference; lastKnownFileType = text.plist.strings; name = "zh-Hans"; path = "zh-Hans.lproj/UMSocialLocalizable.strings"; sourceTree = "<group>"; };
		138C2BE71A39E09200EA59F5 /* libSocialSina.a */ = {isa = PBXFileReference; lastKnownFileType = archive.ar; path = libSocialSina.a; sourceTree = "<group>"; };
		138C2BE81A39E09200EA59F5 /* UMSocialSinaHandler.h */ = {isa = PBXFileReference; fileEncoding = 4; lastKnownFileType = sourcecode.c.h; path = UMSocialSinaHandler.h; sourceTree = "<group>"; };
		138C2BEA1A39E09200EA59F5 /* libSocialQQ.a */ = {isa = PBXFileReference; lastKnownFileType = archive.ar; path = libSocialQQ.a; sourceTree = "<group>"; };
		138C2BEB1A39E09200EA59F5 /* TencentOpenAPI.framework */ = {isa = PBXFileReference; lastKnownFileType = wrapper.framework; path = TencentOpenAPI.framework; sourceTree = "<group>"; };
		138C2BEC1A39E09200EA59F5 /* TencentOpenApi_IOS_Bundle.bundle */ = {isa = PBXFileReference; lastKnownFileType = "wrapper.plug-in"; path = TencentOpenApi_IOS_Bundle.bundle; sourceTree = "<group>"; };
		138C2BED1A39E09200EA59F5 /* UMSocialQQHandler.h */ = {isa = PBXFileReference; fileEncoding = 4; lastKnownFileType = sourcecode.c.h; path = UMSocialQQHandler.h; sourceTree = "<group>"; };
		138C2BEF1A39E09200EA59F5 /* libSocialWechat.a */ = {isa = PBXFileReference; lastKnownFileType = archive.ar; path = libSocialWechat.a; sourceTree = "<group>"; };
		138C2BF01A39E09200EA59F5 /* libWeChatSDK.a */ = {isa = PBXFileReference; lastKnownFileType = archive.ar; path = libWeChatSDK.a; sourceTree = "<group>"; };
		138C2BF11A39E09200EA59F5 /* UMSocialWechatHandler.h */ = {isa = PBXFileReference; fileEncoding = 4; lastKnownFileType = sourcecode.c.h; path = UMSocialWechatHandler.h; sourceTree = "<group>"; };
		138C2BF21A39E09200EA59F5 /* WXApi.h */ = {isa = PBXFileReference; fileEncoding = 4; lastKnownFileType = sourcecode.c.h; path = WXApi.h; sourceTree = "<group>"; };
		138C2BF31A39E09200EA59F5 /* WXApiObject.h */ = {isa = PBXFileReference; fileEncoding = 4; lastKnownFileType = sourcecode.c.h; path = WXApiObject.h; sourceTree = "<group>"; };
		138C2C051A39E22700EA59F5 /* Security.framework */ = {isa = PBXFileReference; lastKnownFileType = wrapper.framework; name = Security.framework; path = System/Library/Frameworks/Security.framework; sourceTree = SDKROOT; };
		138C2C071A39E23200EA59F5 /* libiconv.dylib */ = {isa = PBXFileReference; lastKnownFileType = "compiled.mach-o.dylib"; name = libiconv.dylib; path = usr/lib/libiconv.dylib; sourceTree = SDKROOT; };
		138C2C091A39E23E00EA59F5 /* SystemConfiguration.framework */ = {isa = PBXFileReference; lastKnownFileType = wrapper.framework; name = SystemConfiguration.framework; path = System/Library/Frameworks/SystemConfiguration.framework; sourceTree = SDKROOT; };
		138C2C0B1A39E24600EA59F5 /* CoreGraphics.framework */ = {isa = PBXFileReference; lastKnownFileType = wrapper.framework; name = CoreGraphics.framework; path = System/Library/Frameworks/CoreGraphics.framework; sourceTree = SDKROOT; };
		138C2C0D1A39E25000EA59F5 /* libsqlite3.dylib */ = {isa = PBXFileReference; lastKnownFileType = "compiled.mach-o.dylib"; name = libsqlite3.dylib; path = usr/lib/libsqlite3.dylib; sourceTree = SDKROOT; };
		138C2C0F1A39E3FF00EA59F5 /* CoreTelephony.framework */ = {isa = PBXFileReference; lastKnownFileType = wrapper.framework; name = CoreTelephony.framework; path = System/Library/Frameworks/CoreTelephony.framework; sourceTree = SDKROOT; };
		138C2C111A39E45E00EA59F5 /* libstdc++.dylib */ = {isa = PBXFileReference; lastKnownFileType = "compiled.mach-o.dylib"; name = "libstdc++.dylib"; path = "usr/lib/libstdc++.dylib"; sourceTree = SDKROOT; };
		138C2C131A39E46B00EA59F5 /* libz.dylib */ = {isa = PBXFileReference; lastKnownFileType = "compiled.mach-o.dylib"; name = libz.dylib; path = usr/lib/libz.dylib; sourceTree = SDKROOT; };
		138C2C151A39E5DA00EA59F5 /* LoginViewController.h */ = {isa = PBXFileReference; fileEncoding = 4; lastKnownFileType = sourcecode.c.h; path = LoginViewController.h; sourceTree = "<group>"; };
		138C2C161A39E5DA00EA59F5 /* LoginViewController.m */ = {isa = PBXFileReference; fileEncoding = 4; lastKnownFileType = sourcecode.c.objc; path = LoginViewController.m; sourceTree = "<group>"; };
		138C2C171A39E5DA00EA59F5 /* LoginViewController.xib */ = {isa = PBXFileReference; fileEncoding = 4; lastKnownFileType = file.xib; path = LoginViewController.xib; sourceTree = "<group>"; };
		138C2C1A1A39E68900EA59F5 /* ApiHeader.h */ = {isa = PBXFileReference; lastKnownFileType = sourcecode.c.h; path = ApiHeader.h; sourceTree = "<group>"; };
		138C2C1B1A39E77300EA59F5 /* BaseModel.h */ = {isa = PBXFileReference; fileEncoding = 4; lastKnownFileType = sourcecode.c.h; path = BaseModel.h; sourceTree = "<group>"; };
		138C2C1C1A39E77300EA59F5 /* BaseModel.m */ = {isa = PBXFileReference; fileEncoding = 4; lastKnownFileType = sourcecode.c.objc; path = BaseModel.m; sourceTree = "<group>"; };
		13A3897C1A3878FE00ABBACB /* MyViewController.h */ = {isa = PBXFileReference; fileEncoding = 4; lastKnownFileType = sourcecode.c.h; path = MyViewController.h; sourceTree = "<group>"; };
		13A3897D1A3878FE00ABBACB /* MyViewController.m */ = {isa = PBXFileReference; fileEncoding = 4; lastKnownFileType = sourcecode.c.objc; path = MyViewController.m; sourceTree = "<group>"; };
		13A3897F1A38796D00ABBACB /* PrefixHeader.pch */ = {isa = PBXFileReference; fileEncoding = 4; lastKnownFileType = sourcecode.c.h; path = PrefixHeader.pch; sourceTree = "<group>"; };
		13A389811A387A8800ABBACB /* UIColor+ConvertColor.h */ = {isa = PBXFileReference; fileEncoding = 4; lastKnownFileType = sourcecode.c.h; path = "UIColor+ConvertColor.h"; sourceTree = "<group>"; };
		13A389821A387A8800ABBACB /* UIColor+ConvertColor.m */ = {isa = PBXFileReference; fileEncoding = 4; lastKnownFileType = sourcecode.c.objc; path = "UIColor+ConvertColor.m"; sourceTree = "<group>"; };
		13A389841A387A8800ABBACB /* UIView+Frame.h */ = {isa = PBXFileReference; fileEncoding = 4; lastKnownFileType = sourcecode.c.h; path = "UIView+Frame.h"; sourceTree = "<group>"; };
		13A389851A387A8800ABBACB /* UIView+Frame.m */ = {isa = PBXFileReference; fileEncoding = 4; lastKnownFileType = sourcecode.c.objc; path = "UIView+Frame.m"; sourceTree = "<group>"; };
		13A389881A38937600ABBACB /* HomeViewController.h */ = {isa = PBXFileReference; fileEncoding = 4; lastKnownFileType = sourcecode.c.h; path = HomeViewController.h; sourceTree = "<group>"; };
		13A389891A38937600ABBACB /* HomeViewController.m */ = {isa = PBXFileReference; fileEncoding = 4; lastKnownFileType = sourcecode.c.objc; path = HomeViewController.m; sourceTree = "<group>"; };
		13A3898A1A38937600ABBACB /* HomeViewController.xib */ = {isa = PBXFileReference; fileEncoding = 4; lastKnownFileType = file.xib; path = HomeViewController.xib; sourceTree = "<group>"; };
		13A389931A3893D000ABBACB /* TTaiViewController.h */ = {isa = PBXFileReference; fileEncoding = 4; lastKnownFileType = sourcecode.c.h; path = TTaiViewController.h; sourceTree = "<group>"; };
		13A389941A3893D000ABBACB /* TTaiViewController.m */ = {isa = PBXFileReference; fileEncoding = 4; lastKnownFileType = sourcecode.c.objc; path = TTaiViewController.m; sourceTree = "<group>"; };
		13A389951A3893D000ABBACB /* TTaiViewController.xib */ = {isa = PBXFileReference; fileEncoding = 4; lastKnownFileType = file.xib; path = TTaiViewController.xib; sourceTree = "<group>"; };
		13A389991A3893FC00ABBACB /* MessageViewController.h */ = {isa = PBXFileReference; fileEncoding = 4; lastKnownFileType = sourcecode.c.h; path = MessageViewController.h; sourceTree = "<group>"; };
		13A3899A1A3893FC00ABBACB /* MessageViewController.m */ = {isa = PBXFileReference; fileEncoding = 4; lastKnownFileType = sourcecode.c.objc; path = MessageViewController.m; sourceTree = "<group>"; };
		13A3899B1A3893FC00ABBACB /* MessageViewController.xib */ = {isa = PBXFileReference; fileEncoding = 4; lastKnownFileType = file.xib; path = MessageViewController.xib; sourceTree = "<group>"; };
		13A3899F1A38942D00ABBACB /* MineViewController.h */ = {isa = PBXFileReference; fileEncoding = 4; lastKnownFileType = sourcecode.c.h; path = MineViewController.h; sourceTree = "<group>"; };
		13A389A01A38942D00ABBACB /* MineViewController.m */ = {isa = PBXFileReference; fileEncoding = 4; lastKnownFileType = sourcecode.c.objc; path = MineViewController.m; sourceTree = "<group>"; };
		13A389A11A38942D00ABBACB /* MineViewController.xib */ = {isa = PBXFileReference; fileEncoding = 4; lastKnownFileType = file.xib; path = MineViewController.xib; sourceTree = "<group>"; };
		13A389A71A38974F00ABBACB /* bluedown1@2x.png */ = {isa = PBXFileReference; lastKnownFileType = image.png; path = "bluedown1@2x.png"; sourceTree = "<group>"; };
		13A389A81A38974F00ABBACB /* blueup1@2x.png */ = {isa = PBXFileReference; lastKnownFileType = image.png; path = "blueup1@2x.png"; sourceTree = "<group>"; };
		13A389A91A38974F00ABBACB /* LRefreshTableHeaderView.h */ = {isa = PBXFileReference; fileEncoding = 4; lastKnownFileType = sourcecode.c.h; path = LRefreshTableHeaderView.h; sourceTree = "<group>"; };
		13A389AA1A38974F00ABBACB /* LRefreshTableHeaderView.m */ = {isa = PBXFileReference; fileEncoding = 4; lastKnownFileType = sourcecode.c.objc; path = LRefreshTableHeaderView.m; sourceTree = "<group>"; };
		13A389AB1A38974F00ABBACB /* LTools.h */ = {isa = PBXFileReference; fileEncoding = 4; lastKnownFileType = sourcecode.c.h; path = LTools.h; sourceTree = "<group>"; };
		13A389AC1A38974F00ABBACB /* LTools.m */ = {isa = PBXFileReference; fileEncoding = 4; lastKnownFileType = sourcecode.c.objc; path = LTools.m; sourceTree = "<group>"; };
		13A389AD1A38974F00ABBACB /* LToolsHeader.h */ = {isa = PBXFileReference; fileEncoding = 4; lastKnownFileType = sourcecode.c.h; path = LToolsHeader.h; sourceTree = "<group>"; };
		13A389AE1A38974F00ABBACB /* NSString+Emoji.h */ = {isa = PBXFileReference; fileEncoding = 4; lastKnownFileType = sourcecode.c.h; path = "NSString+Emoji.h"; sourceTree = "<group>"; };
		13A389AF1A38974F00ABBACB /* NSString+Emoji.m */ = {isa = PBXFileReference; fileEncoding = 4; lastKnownFileType = sourcecode.c.objc; path = "NSString+Emoji.m"; sourceTree = "<group>"; };
		13A389B01A38974F00ABBACB /* RefreshTableView.h */ = {isa = PBXFileReference; fileEncoding = 4; lastKnownFileType = sourcecode.c.h; path = RefreshTableView.h; sourceTree = "<group>"; };
		13A389B11A38974F00ABBACB /* RefreshTableView.m */ = {isa = PBXFileReference; fileEncoding = 4; lastKnownFileType = sourcecode.c.objc; path = RefreshTableView.m; sourceTree = "<group>"; };
		13EA3D1C1A3B2682002AF7D6 /* HomeBuyController.h */ = {isa = PBXFileReference; fileEncoding = 4; lastKnownFileType = sourcecode.c.h; path = HomeBuyController.h; sourceTree = "<group>"; };
		13EA3D1D1A3B2682002AF7D6 /* HomeBuyController.m */ = {isa = PBXFileReference; fileEncoding = 4; lastKnownFileType = sourcecode.c.objc; path = HomeBuyController.m; sourceTree = "<group>"; };
		13EA3D1F1A3B2DC1002AF7D6 /* HomeClothController.h */ = {isa = PBXFileReference; fileEncoding = 4; lastKnownFileType = sourcecode.c.h; path = HomeClothController.h; sourceTree = "<group>"; };
		13EA3D201A3B2DC1002AF7D6 /* HomeClothController.m */ = {isa = PBXFileReference; fileEncoding = 4; lastKnownFileType = sourcecode.c.objc; path = HomeClothController.m; sourceTree = "<group>"; };
		13EA3D221A3B2E13002AF7D6 /* HomeMatchController.h */ = {isa = PBXFileReference; fileEncoding = 4; lastKnownFileType = sourcecode.c.h; path = HomeMatchController.h; sourceTree = "<group>"; };
		13EA3D231A3B2E13002AF7D6 /* HomeMatchController.m */ = {isa = PBXFileReference; fileEncoding = 4; lastKnownFileType = sourcecode.c.objc; path = HomeMatchController.m; sourceTree = "<group>"; };
		316989CEF30908957578BF60 /* Pods.release.xcconfig */ = {isa = PBXFileReference; includeInIndex = 1; lastKnownFileType = text.xcconfig; name = Pods.release.xcconfig; path = "Pods/Target Support Files/Pods/Pods.release.xcconfig"; sourceTree = "<group>"; };
		454167C7D51D19BFE1D2B4D2 /* Pods.debug.xcconfig */ = {isa = PBXFileReference; includeInIndex = 1; lastKnownFileType = text.xcconfig; name = Pods.debug.xcconfig; path = "Pods/Target Support Files/Pods/Pods.debug.xcconfig"; sourceTree = "<group>"; };
		F47272E4C36CD60C81CD9A79 /* libPods.a */ = {isa = PBXFileReference; explicitFileType = archive.ar; includeInIndex = 0; path = libPods.a; sourceTree = BUILT_PRODUCTS_DIR; };
/* End PBXFileReference section */

/* Begin PBXFrameworksBuildPhase section */
		13684A621A37583E00A508FB /* Frameworks */ = {
			isa = PBXFrameworksBuildPhase;
			buildActionMask = 2147483647;
			files = (
				138C2C141A39E46B00EA59F5 /* libz.dylib in Frameworks */,
				138C2C121A39E45E00EA59F5 /* libstdc++.dylib in Frameworks */,
				138C2C0C1A39E24600EA59F5 /* CoreGraphics.framework in Frameworks */,
				138C2C101A39E3FF00EA59F5 /* CoreTelephony.framework in Frameworks */,
				138C2C0E1A39E25000EA59F5 /* libsqlite3.dylib in Frameworks */,
				138C2C0A1A39E23E00EA59F5 /* SystemConfiguration.framework in Frameworks */,
				138C2C081A39E23200EA59F5 /* libiconv.dylib in Frameworks */,
				138C2C061A39E22700EA59F5 /* Security.framework in Frameworks */,
				138C2C041A39E09200EA59F5 /* libWeChatSDK.a in Frameworks */,
				138C2C011A39E09200EA59F5 /* TencentOpenAPI.framework in Frameworks */,
				138C2C001A39E09200EA59F5 /* libSocialQQ.a in Frameworks */,
				AB9102ED706793EE205C4D50 /* libPods.a in Frameworks */,
				138C2BF51A39E09200EA59F5 /* libUMSocial_Sdk_4.2.1.a in Frameworks */,
				138C2C031A39E09200EA59F5 /* libSocialWechat.a in Frameworks */,
				138C2BFF1A39E09200EA59F5 /* libSocialSina.a in Frameworks */,
			);
			runOnlyForDeploymentPostprocessing = 0;
		};
		13684A7B1A37583E00A508FB /* Frameworks */ = {
			isa = PBXFrameworksBuildPhase;
			buildActionMask = 2147483647;
			files = (
			);
			runOnlyForDeploymentPostprocessing = 0;
		};
/* End PBXFrameworksBuildPhase section */

/* Begin PBXGroup section */
		12A83EACEAF04194B6F77679 /* Frameworks */ = {
			isa = PBXGroup;
			children = (
				138C2C131A39E46B00EA59F5 /* libz.dylib */,
				138C2C111A39E45E00EA59F5 /* libstdc++.dylib */,
				138C2C0F1A39E3FF00EA59F5 /* CoreTelephony.framework */,
				138C2C0D1A39E25000EA59F5 /* libsqlite3.dylib */,
				138C2C0B1A39E24600EA59F5 /* CoreGraphics.framework */,
				138C2C091A39E23E00EA59F5 /* SystemConfiguration.framework */,
				138C2C071A39E23200EA59F5 /* libiconv.dylib */,
				138C2C051A39E22700EA59F5 /* Security.framework */,
				F47272E4C36CD60C81CD9A79 /* libPods.a */,
			);
			name = Frameworks;
			sourceTree = "<group>";
		};
		13684A5C1A37583E00A508FB = {
			isa = PBXGroup;
			children = (
				13684A671A37583E00A508FB /* YiYiProject */,
				13684A811A37583E00A508FB /* YiYiProjectTests */,
				13684A661A37583E00A508FB /* Products */,
				A4EEE0A5DD44AE3600B84D25 /* Pods */,
				12A83EACEAF04194B6F77679 /* Frameworks */,
			);
			sourceTree = "<group>";
		};
		13684A661A37583E00A508FB /* Products */ = {
			isa = PBXGroup;
			children = (
				13684A651A37583E00A508FB /* YiYiProject.app */,
				13684A7E1A37583E00A508FB /* YiYiProjectTests.xctest */,
			);
			name = Products;
			sourceTree = "<group>";
		};
		13684A671A37583E00A508FB /* YiYiProject */ = {
			isa = PBXGroup;
			children = (
				138C2C1A1A39E68900EA59F5 /* ApiHeader.h */,
				138C2BC91A39E08500EA59F5 /* UMengShare */,
				13A3894E1A38768400ABBACB /* AllImages */,
				13A389501A38768400ABBACB /* PersonalApi */,
				13A389511A38768400ABBACB /* PublicClasses */,
				13A3894F1A38768400ABBACB /* Controllers */,
				13684A6F1A37583E00A508FB /* ViewController.h */,
				13684A701A37583E00A508FB /* ViewController.m */,
				13684A6C1A37583E00A508FB /* AppDelegate.h */,
				13684A6D1A37583E00A508FB /* AppDelegate.m */,
				13684A8E1A37585200A508FB /* RootViewController.h */,
				13684A8F1A37585200A508FB /* RootViewController.m */,
				138C2C151A39E5DA00EA59F5 /* LoginViewController.h */,
				138C2C161A39E5DA00EA59F5 /* LoginViewController.m */,
				138C2C171A39E5DA00EA59F5 /* LoginViewController.xib */,
				13684A721A37583E00A508FB /* Main.storyboard */,
				13684A751A37583E00A508FB /* Images.xcassets */,
				13684A771A37583E00A508FB /* LaunchScreen.xib */,
				13684A681A37583E00A508FB /* Supporting Files */,
			);
			path = YiYiProject;
			sourceTree = "<group>";
		};
		13684A681A37583E00A508FB /* Supporting Files */ = {
			isa = PBXGroup;
			children = (
				13A3897F1A38796D00ABBACB /* PrefixHeader.pch */,
				13684A691A37583E00A508FB /* Info.plist */,
				13684A6A1A37583E00A508FB /* main.m */,
			);
			name = "Supporting Files";
			sourceTree = "<group>";
		};
		13684A811A37583E00A508FB /* YiYiProjectTests */ = {
			isa = PBXGroup;
			children = (
				13684A841A37583E00A508FB /* YiYiProjectTests.m */,
				13684A821A37583E00A508FB /* Supporting Files */,
			);
			path = YiYiProjectTests;
			sourceTree = "<group>";
		};
		13684A821A37583E00A508FB /* Supporting Files */ = {
			isa = PBXGroup;
			children = (
				13684A831A37583E00A508FB /* Info.plist */,
			);
			name = "Supporting Files";
			sourceTree = "<group>";
		};
		138C2BC91A39E08500EA59F5 /* UMengShare */ = {
			isa = PBXGroup;
			children = (
				138C2BCA1A39E09200EA59F5 /* UMSocial_Sdk_4.2.1 */,
				138C2BE51A39E09200EA59F5 /* UMSocial_Sdk_Extra_Frameworks */,
			);
			path = UMengShare;
			sourceTree = "<group>";
		};
		138C2BCA1A39E09200EA59F5 /* UMSocial_Sdk_4.2.1 */ = {
			isa = PBXGroup;
			children = (
				138C2BCB1A39E09200EA59F5 /* UMSocialLocalizable.strings */,
				138C2BCD1A39E09200EA59F5 /* Header */,
				138C2BD91A39E09200EA59F5 /* libUMSocial_Sdk_4.2.1.a */,
				138C2BDA1A39E09200EA59F5 /* SocialSDKXib */,
				138C2BE31A39E09200EA59F5 /* UMSocialSDKResourcesNew.bundle */,
			);
			path = UMSocial_Sdk_4.2.1;
			sourceTree = "<group>";
		};
		138C2BCD1A39E09200EA59F5 /* Header */ = {
			isa = PBXGroup;
			children = (
				138C2BCE1A39E09200EA59F5 /* UMSocial.h */,
				138C2BCF1A39E09200EA59F5 /* UMSocialAccountManager.h */,
				138C2BD01A39E09200EA59F5 /* UMSocialBar.h */,
				138C2BD11A39E09200EA59F5 /* UMSocialConfig.h */,
				138C2BD21A39E09200EA59F5 /* UMSocialControllerService.h */,
				138C2BD31A39E09200EA59F5 /* UMSocialControllerServiceComment.h */,
				138C2BD41A39E09200EA59F5 /* UMSocialData.h */,
				138C2BD51A39E09200EA59F5 /* UMSocialDataService.h */,
				138C2BD61A39E09200EA59F5 /* UMSocialSnsData.h */,
				138C2BD71A39E09200EA59F5 /* UMSocialSnsPlatformManager.h */,
				138C2BD81A39E09200EA59F5 /* UMSocialSnsService.h */,
			);
			path = Header;
			sourceTree = "<group>";
		};
		138C2BDA1A39E09200EA59F5 /* SocialSDKXib */ = {
			isa = PBXGroup;
			children = (
				138C2BDB1A39E09200EA59F5 /* UMSCommentDetailController.xib */,
				138C2BDC1A39E09200EA59F5 /* UMSCommentInputController.xib */,
				138C2BDD1A39E09200EA59F5 /* UMSCommentInputControlleriPad.xib */,
				138C2BDE1A39E09200EA59F5 /* UMShareEditViewController.xib */,
				138C2BDF1A39E09200EA59F5 /* UMShareEditViewControlleriPad.xib */,
				138C2BE01A39E09200EA59F5 /* UMSLoginViewController.xib */,
				138C2BE11A39E09200EA59F5 /* UMSnsAccountViewController.xib */,
				138C2BE21A39E09200EA59F5 /* UMSShareListController.xib */,
			);
			path = SocialSDKXib;
			sourceTree = "<group>";
		};
		138C2BE51A39E09200EA59F5 /* UMSocial_Sdk_Extra_Frameworks */ = {
			isa = PBXGroup;
			children = (
				138C2BE61A39E09200EA59F5 /* Sina */,
				138C2BE91A39E09200EA59F5 /* TencentOpenAPI */,
				138C2BEE1A39E09200EA59F5 /* Wechat */,
			);
			path = UMSocial_Sdk_Extra_Frameworks;
			sourceTree = "<group>";
		};
		138C2BE61A39E09200EA59F5 /* Sina */ = {
			isa = PBXGroup;
			children = (
				138C2BE71A39E09200EA59F5 /* libSocialSina.a */,
				138C2BE81A39E09200EA59F5 /* UMSocialSinaHandler.h */,
			);
			path = Sina;
			sourceTree = "<group>";
		};
		138C2BE91A39E09200EA59F5 /* TencentOpenAPI */ = {
			isa = PBXGroup;
			children = (
				138C2BEA1A39E09200EA59F5 /* libSocialQQ.a */,
				138C2BEB1A39E09200EA59F5 /* TencentOpenAPI.framework */,
				138C2BEC1A39E09200EA59F5 /* TencentOpenApi_IOS_Bundle.bundle */,
				138C2BED1A39E09200EA59F5 /* UMSocialQQHandler.h */,
			);
			path = TencentOpenAPI;
			sourceTree = "<group>";
		};
		138C2BEE1A39E09200EA59F5 /* Wechat */ = {
			isa = PBXGroup;
			children = (
				138C2BEF1A39E09200EA59F5 /* libSocialWechat.a */,
				138C2BF01A39E09200EA59F5 /* libWeChatSDK.a */,
				138C2BF11A39E09200EA59F5 /* UMSocialWechatHandler.h */,
				138C2BF21A39E09200EA59F5 /* WXApi.h */,
				138C2BF31A39E09200EA59F5 /* WXApiObject.h */,
			);
			path = Wechat;
			sourceTree = "<group>";
		};
		13A3894E1A38768400ABBACB /* AllImages */ = {
			isa = PBXGroup;
			children = (
			);
			path = AllImages;
			sourceTree = "<group>";
		};
		13A3894F1A38768400ABBACB /* Controllers */ = {
			isa = PBXGroup;
			children = (
				13A389A41A38972300ABBACB /* 发布 */,
				13A389771A3877C800ABBACB /* 首页 */,
				13A389781A3877C800ABBACB /* 我的 */,
				13A389791A3877C800ABBACB /* 消息 */,
				13A3897A1A3877C800ABBACB /* T台 */,
			);
			path = Controllers;
			sourceTree = "<group>";
		};
		13A389501A38768400ABBACB /* PersonalApi */ = {
			isa = PBXGroup;
			children = (
				13A389A51A38974F00ABBACB /* LApi */,
			);
			path = PersonalApi;
			sourceTree = "<group>";
		};
		13A389511A38768400ABBACB /* PublicClasses */ = {
			isa = PBXGroup;
			children = (
				138C2C1B1A39E77300EA59F5 /* BaseModel.h */,
				138C2C1C1A39E77300EA59F5 /* BaseModel.m */,
				13A389801A387A8800ABBACB /* UIColor_ConvertColor */,
				13A389831A387A8800ABBACB /* UIView+Frame */,
				13A3897C1A3878FE00ABBACB /* MyViewController.h */,
				13A3897D1A3878FE00ABBACB /* MyViewController.m */,
			);
			path = PublicClasses;
			sourceTree = "<group>";
		};
		13A389771A3877C800ABBACB /* 首页 */ = {
			isa = PBXGroup;
			children = (
				13A3897B1A3878C000ABBACB /* ViewControllers */,
			);
			path = "首页";
			sourceTree = "<group>";
		};
		13A389781A3877C800ABBACB /* 我的 */ = {
			isa = PBXGroup;
			children = (
				13A3899E1A38941900ABBACB /* ViewControllers */,
			);
			path = "我的";
			sourceTree = "<group>";
		};
		13A389791A3877C800ABBACB /* 消息 */ = {
			isa = PBXGroup;
			children = (
				13A389981A3893EC00ABBACB /* ViewControllers */,
			);
			path = "消息";
			sourceTree = "<group>";
		};
		13A3897A1A3877C800ABBACB /* T台 */ = {
			isa = PBXGroup;
			children = (
				13A389921A3893C100ABBACB /* ViewControllers */,
			);
			path = "T台";
			sourceTree = "<group>";
		};
		13A3897B1A3878C000ABBACB /* ViewControllers */ = {
			isa = PBXGroup;
			children = (
				13A389881A38937600ABBACB /* HomeViewController.h */,
				13A389891A38937600ABBACB /* HomeViewController.m */,
				13A3898A1A38937600ABBACB /* HomeViewController.xib */,
				13EA3D1C1A3B2682002AF7D6 /* HomeBuyController.h */,
				13EA3D1D1A3B2682002AF7D6 /* HomeBuyController.m */,
				13EA3D1F1A3B2DC1002AF7D6 /* HomeClothController.h */,
				13EA3D201A3B2DC1002AF7D6 /* HomeClothController.m */,
				13EA3D221A3B2E13002AF7D6 /* HomeMatchController.h */,
				13EA3D231A3B2E13002AF7D6 /* HomeMatchController.m */,
			);
			path = ViewControllers;
			sourceTree = "<group>";
		};
		13A389801A387A8800ABBACB /* UIColor_ConvertColor */ = {
			isa = PBXGroup;
			children = (
				13A389811A387A8800ABBACB /* UIColor+ConvertColor.h */,
				13A389821A387A8800ABBACB /* UIColor+ConvertColor.m */,
			);
			path = UIColor_ConvertColor;
			sourceTree = "<group>";
		};
		13A389831A387A8800ABBACB /* UIView+Frame */ = {
			isa = PBXGroup;
			children = (
				13A389841A387A8800ABBACB /* UIView+Frame.h */,
				13A389851A387A8800ABBACB /* UIView+Frame.m */,
			);
			path = "UIView+Frame";
			sourceTree = "<group>";
		};
		13A389921A3893C100ABBACB /* ViewControllers */ = {
			isa = PBXGroup;
			children = (
				13A389931A3893D000ABBACB /* TTaiViewController.h */,
				13A389941A3893D000ABBACB /* TTaiViewController.m */,
				13A389951A3893D000ABBACB /* TTaiViewController.xib */,
			);
			path = ViewControllers;
			sourceTree = "<group>";
		};
		13A389981A3893EC00ABBACB /* ViewControllers */ = {
			isa = PBXGroup;
			children = (
				13A389991A3893FC00ABBACB /* MessageViewController.h */,
				13A3899A1A3893FC00ABBACB /* MessageViewController.m */,
				13A3899B1A3893FC00ABBACB /* MessageViewController.xib */,
			);
			path = ViewControllers;
			sourceTree = "<group>";
		};
		13A3899E1A38941900ABBACB /* ViewControllers */ = {
			isa = PBXGroup;
			children = (
				13A3899F1A38942D00ABBACB /* MineViewController.h */,
				13A389A01A38942D00ABBACB /* MineViewController.m */,
				13A389A11A38942D00ABBACB /* MineViewController.xib */,
			);
			path = ViewControllers;
			sourceTree = "<group>";
		};
		13A389A41A38972300ABBACB /* 发布 */ = {
			isa = PBXGroup;
			children = (
			);
			path = "发布";
			sourceTree = "<group>";
		};
		13A389A51A38974F00ABBACB /* LApi */ = {
			isa = PBXGroup;
			children = (
				13A389A61A38974F00ABBACB /* EGORefresh */,
				13A389AB1A38974F00ABBACB /* LTools.h */,
				13A389AC1A38974F00ABBACB /* LTools.m */,
				13A389AD1A38974F00ABBACB /* LToolsHeader.h */,
				13A389AE1A38974F00ABBACB /* NSString+Emoji.h */,
				13A389AF1A38974F00ABBACB /* NSString+Emoji.m */,
				13A389B01A38974F00ABBACB /* RefreshTableView.h */,
				13A389B11A38974F00ABBACB /* RefreshTableView.m */,
			);
			path = LApi;
			sourceTree = "<group>";
		};
		13A389A61A38974F00ABBACB /* EGORefresh */ = {
			isa = PBXGroup;
			children = (
				13A389A71A38974F00ABBACB /* bluedown1@2x.png */,
				13A389A81A38974F00ABBACB /* blueup1@2x.png */,
				13A389A91A38974F00ABBACB /* LRefreshTableHeaderView.h */,
				13A389AA1A38974F00ABBACB /* LRefreshTableHeaderView.m */,
			);
			path = EGORefresh;
			sourceTree = "<group>";
		};
		A4EEE0A5DD44AE3600B84D25 /* Pods */ = {
			isa = PBXGroup;
			children = (
				454167C7D51D19BFE1D2B4D2 /* Pods.debug.xcconfig */,
				316989CEF30908957578BF60 /* Pods.release.xcconfig */,
			);
			name = Pods;
			sourceTree = "<group>";
		};
/* End PBXGroup section */

/* Begin PBXNativeTarget section */
		13684A641A37583E00A508FB /* YiYiProject */ = {
			isa = PBXNativeTarget;
			buildConfigurationList = 13684A881A37583E00A508FB /* Build configuration list for PBXNativeTarget "YiYiProject" */;
			buildPhases = (
				DFC450D620B8BE6EC7E3C6AF /* Check Pods Manifest.lock */,
				13684A611A37583E00A508FB /* Sources */,
				13684A621A37583E00A508FB /* Frameworks */,
				13684A631A37583E00A508FB /* Resources */,
				02231AEE29B0AFE31798D807 /* Copy Pods Resources */,
			);
			buildRules = (
			);
			dependencies = (
			);
			name = YiYiProject;
			productName = YiYiProject;
			productReference = 13684A651A37583E00A508FB /* YiYiProject.app */;
			productType = "com.apple.product-type.application";
		};
		13684A7D1A37583E00A508FB /* YiYiProjectTests */ = {
			isa = PBXNativeTarget;
			buildConfigurationList = 13684A8B1A37583E00A508FB /* Build configuration list for PBXNativeTarget "YiYiProjectTests" */;
			buildPhases = (
				13684A7A1A37583E00A508FB /* Sources */,
				13684A7B1A37583E00A508FB /* Frameworks */,
				13684A7C1A37583E00A508FB /* Resources */,
			);
			buildRules = (
			);
			dependencies = (
				13684A801A37583E00A508FB /* PBXTargetDependency */,
			);
			name = YiYiProjectTests;
			productName = YiYiProjectTests;
			productReference = 13684A7E1A37583E00A508FB /* YiYiProjectTests.xctest */;
			productType = "com.apple.product-type.bundle.unit-test";
		};
/* End PBXNativeTarget section */

/* Begin PBXProject section */
		13684A5D1A37583E00A508FB /* Project object */ = {
			isa = PBXProject;
			attributes = {
				LastUpgradeCheck = 0610;
				ORGANIZATIONNAME = lcw;
				TargetAttributes = {
					13684A641A37583E00A508FB = {
						CreatedOnToolsVersion = 6.1;
					};
					13684A7D1A37583E00A508FB = {
						CreatedOnToolsVersion = 6.1;
						TestTargetID = 13684A641A37583E00A508FB;
					};
				};
			};
			buildConfigurationList = 13684A601A37583E00A508FB /* Build configuration list for PBXProject "YiYiProject" */;
			compatibilityVersion = "Xcode 3.2";
			developmentRegion = English;
			hasScannedForEncodings = 0;
			knownRegions = (
				en,
				Base,
				"zh-Hans",
			);
			mainGroup = 13684A5C1A37583E00A508FB;
			productRefGroup = 13684A661A37583E00A508FB /* Products */;
			projectDirPath = "";
			projectRoot = "";
			targets = (
				13684A641A37583E00A508FB /* YiYiProject */,
				13684A7D1A37583E00A508FB /* YiYiProjectTests */,
			);
		};
/* End PBXProject section */

/* Begin PBXResourcesBuildPhase section */
		13684A631A37583E00A508FB /* Resources */ = {
			isa = PBXResourcesBuildPhase;
			buildActionMask = 2147483647;
			files = (
				138C2BFC1A39E09200EA59F5 /* UMSnsAccountViewController.xib in Resources */,
				138C2BF91A39E09200EA59F5 /* UMShareEditViewController.xib in Resources */,
				13684A741A37583E00A508FB /* Main.storyboard in Resources */,
				13A389A31A38942D00ABBACB /* MineViewController.xib in Resources */,
				138C2BF41A39E09200EA59F5 /* UMSocialLocalizable.strings in Resources */,
				138C2C191A39E5DA00EA59F5 /* LoginViewController.xib in Resources */,
				13684A791A37583E00A508FB /* LaunchScreen.xib in Resources */,
				138C2BFA1A39E09200EA59F5 /* UMShareEditViewControlleriPad.xib in Resources */,
				138C2BF61A39E09200EA59F5 /* UMSCommentDetailController.xib in Resources */,
				138C2C021A39E09200EA59F5 /* TencentOpenApi_IOS_Bundle.bundle in Resources */,
				13A3899D1A3893FC00ABBACB /* MessageViewController.xib in Resources */,
				138C2BFB1A39E09200EA59F5 /* UMSLoginViewController.xib in Resources */,
				138C2BF71A39E09200EA59F5 /* UMSCommentInputController.xib in Resources */,
				13A389971A3893D000ABBACB /* TTaiViewController.xib in Resources */,
				13684A761A37583E00A508FB /* Images.xcassets in Resources */,
				13A389B81A38974F00ABBACB /* bluedown1@2x.png in Resources */,
				138C2BFE1A39E09200EA59F5 /* UMSocialSDKResourcesNew.bundle in Resources */,
				13A3898C1A38937600ABBACB /* HomeViewController.xib in Resources */,
				138C2BF81A39E09200EA59F5 /* UMSCommentInputControlleriPad.xib in Resources */,
				13A389B91A38974F00ABBACB /* blueup1@2x.png in Resources */,
				138C2BFD1A39E09200EA59F5 /* UMSShareListController.xib in Resources */,
			);
			runOnlyForDeploymentPostprocessing = 0;
		};
		13684A7C1A37583E00A508FB /* Resources */ = {
			isa = PBXResourcesBuildPhase;
			buildActionMask = 2147483647;
			files = (
			);
			runOnlyForDeploymentPostprocessing = 0;
		};
/* End PBXResourcesBuildPhase section */

/* Begin PBXShellScriptBuildPhase section */
		02231AEE29B0AFE31798D807 /* Copy Pods Resources */ = {
			isa = PBXShellScriptBuildPhase;
			buildActionMask = 2147483647;
			files = (
			);
			inputPaths = (
			);
			name = "Copy Pods Resources";
			outputPaths = (
			);
			runOnlyForDeploymentPostprocessing = 0;
			shellPath = /bin/sh;
			shellScript = "\"${SRCROOT}/Pods/Target Support Files/Pods/Pods-resources.sh\"\n";
			showEnvVarsInLog = 0;
		};
		DFC450D620B8BE6EC7E3C6AF /* Check Pods Manifest.lock */ = {
			isa = PBXShellScriptBuildPhase;
			buildActionMask = 2147483647;
			files = (
			);
			inputPaths = (
			);
			name = "Check Pods Manifest.lock";
			outputPaths = (
			);
			runOnlyForDeploymentPostprocessing = 0;
			shellPath = /bin/sh;
			shellScript = "diff \"${PODS_ROOT}/../Podfile.lock\" \"${PODS_ROOT}/Manifest.lock\" > /dev/null\nif [[ $? != 0 ]] ; then\n    cat << EOM\nerror: The sandbox is not in sync with the Podfile.lock. Run 'pod install' or update your CocoaPods installation.\nEOM\n    exit 1\nfi\n";
			showEnvVarsInLog = 0;
		};
/* End PBXShellScriptBuildPhase section */

/* Begin PBXSourcesBuildPhase section */
		13684A611A37583E00A508FB /* Sources */ = {
			isa = PBXSourcesBuildPhase;
			buildActionMask = 2147483647;
			files = (
				13684A711A37583E00A508FB /* ViewController.m in Sources */,
				13684A6E1A37583E00A508FB /* AppDelegate.m in Sources */,
				138C2C1D1A39E77300EA59F5 /* BaseModel.m in Sources */,
				13A389BC1A38974F00ABBACB /* NSString+Emoji.m in Sources */,
				13A389BD1A38974F00ABBACB /* RefreshTableView.m in Sources */,
				13684A901A37585200A508FB /* RootViewController.m in Sources */,
				13A389BB1A38974F00ABBACB /* LTools.m in Sources */,
				13A389871A387A8800ABBACB /* UIView+Frame.m in Sources */,
				13A389961A3893D000ABBACB /* TTaiViewController.m in Sources */,
				13EA3D1E1A3B2682002AF7D6 /* HomeBuyController.m in Sources */,
				13EA3D241A3B2E13002AF7D6 /* HomeMatchController.m in Sources */,
				13EA3D211A3B2DC1002AF7D6 /* HomeClothController.m in Sources */,
				138C2C181A39E5DA00EA59F5 /* LoginViewController.m in Sources */,
				13A389A21A38942D00ABBACB /* MineViewController.m in Sources */,
				13A389861A387A8800ABBACB /* UIColor+ConvertColor.m in Sources */,
				13A3899C1A3893FC00ABBACB /* MessageViewController.m in Sources */,
				13684A6B1A37583E00A508FB /* main.m in Sources */,
				13A3897E1A3878FE00ABBACB /* MyViewController.m in Sources */,
				13A3898B1A38937600ABBACB /* HomeViewController.m in Sources */,
				13A389BA1A38974F00ABBACB /* LRefreshTableHeaderView.m in Sources */,
			);
			runOnlyForDeploymentPostprocessing = 0;
		};
		13684A7A1A37583E00A508FB /* Sources */ = {
			isa = PBXSourcesBuildPhase;
			buildActionMask = 2147483647;
			files = (
				13684A851A37583E00A508FB /* YiYiProjectTests.m in Sources */,
			);
			runOnlyForDeploymentPostprocessing = 0;
		};
/* End PBXSourcesBuildPhase section */

/* Begin PBXTargetDependency section */
		13684A801A37583E00A508FB /* PBXTargetDependency */ = {
			isa = PBXTargetDependency;
			target = 13684A641A37583E00A508FB /* YiYiProject */;
			targetProxy = 13684A7F1A37583E00A508FB /* PBXContainerItemProxy */;
		};
/* End PBXTargetDependency section */

/* Begin PBXVariantGroup section */
		13684A721A37583E00A508FB /* Main.storyboard */ = {
			isa = PBXVariantGroup;
			children = (
				13684A731A37583E00A508FB /* Base */,
			);
			name = Main.storyboard;
			sourceTree = "<group>";
		};
		13684A771A37583E00A508FB /* LaunchScreen.xib */ = {
			isa = PBXVariantGroup;
			children = (
				13684A781A37583E00A508FB /* Base */,
			);
			name = LaunchScreen.xib;
			sourceTree = "<group>";
		};
		138C2BCB1A39E09200EA59F5 /* UMSocialLocalizable.strings */ = {
			isa = PBXVariantGroup;
			children = (
				138C2BCC1A39E09200EA59F5 /* en */,
				138C2BE41A39E09200EA59F5 /* zh-Hans */,
			);
			name = UMSocialLocalizable.strings;
			sourceTree = "<group>";
		};
/* End PBXVariantGroup section */

/* Begin XCBuildConfiguration section */
		13684A861A37583E00A508FB /* Debug */ = {
			isa = XCBuildConfiguration;
			buildSettings = {
				ALWAYS_SEARCH_USER_PATHS = NO;
				CLANG_CXX_LANGUAGE_STANDARD = "gnu++0x";
				CLANG_CXX_LIBRARY = "libc++";
				CLANG_ENABLE_MODULES = YES;
				CLANG_ENABLE_OBJC_ARC = YES;
				CLANG_WARN_BOOL_CONVERSION = YES;
				CLANG_WARN_CONSTANT_CONVERSION = YES;
				CLANG_WARN_DIRECT_OBJC_ISA_USAGE = YES_ERROR;
				CLANG_WARN_EMPTY_BODY = YES;
				CLANG_WARN_ENUM_CONVERSION = YES;
				CLANG_WARN_INT_CONVERSION = YES;
				CLANG_WARN_OBJC_ROOT_CLASS = YES_ERROR;
				CLANG_WARN_UNREACHABLE_CODE = YES;
				CLANG_WARN__DUPLICATE_METHOD_MATCH = YES;
				"CODE_SIGN_IDENTITY[sdk=iphoneos*]" = "iPhone Developer";
				COPY_PHASE_STRIP = NO;
				ENABLE_STRICT_OBJC_MSGSEND = YES;
				GCC_C_LANGUAGE_STANDARD = gnu99;
				GCC_DYNAMIC_NO_PIC = NO;
				GCC_OPTIMIZATION_LEVEL = 0;
				GCC_PREPROCESSOR_DEFINITIONS = (
					"DEBUG=1",
					"$(inherited)",
				);
				GCC_SYMBOLS_PRIVATE_EXTERN = NO;
				GCC_WARN_64_TO_32_BIT_CONVERSION = YES;
				GCC_WARN_ABOUT_RETURN_TYPE = YES_ERROR;
				GCC_WARN_UNDECLARED_SELECTOR = YES;
				GCC_WARN_UNINITIALIZED_AUTOS = YES_AGGRESSIVE;
				GCC_WARN_UNUSED_FUNCTION = YES;
				GCC_WARN_UNUSED_VARIABLE = YES;
				IPHONEOS_DEPLOYMENT_TARGET = 8.1;
				MTL_ENABLE_DEBUG_INFO = YES;
				ONLY_ACTIVE_ARCH = YES;
				SDKROOT = iphoneos;
			};
			name = Debug;
		};
		13684A871A37583E00A508FB /* Release */ = {
			isa = XCBuildConfiguration;
			buildSettings = {
				ALWAYS_SEARCH_USER_PATHS = NO;
				CLANG_CXX_LANGUAGE_STANDARD = "gnu++0x";
				CLANG_CXX_LIBRARY = "libc++";
				CLANG_ENABLE_MODULES = YES;
				CLANG_ENABLE_OBJC_ARC = YES;
				CLANG_WARN_BOOL_CONVERSION = YES;
				CLANG_WARN_CONSTANT_CONVERSION = YES;
				CLANG_WARN_DIRECT_OBJC_ISA_USAGE = YES_ERROR;
				CLANG_WARN_EMPTY_BODY = YES;
				CLANG_WARN_ENUM_CONVERSION = YES;
				CLANG_WARN_INT_CONVERSION = YES;
				CLANG_WARN_OBJC_ROOT_CLASS = YES_ERROR;
				CLANG_WARN_UNREACHABLE_CODE = YES;
				CLANG_WARN__DUPLICATE_METHOD_MATCH = YES;
				"CODE_SIGN_IDENTITY[sdk=iphoneos*]" = "iPhone Developer";
				COPY_PHASE_STRIP = YES;
				ENABLE_NS_ASSERTIONS = NO;
				ENABLE_STRICT_OBJC_MSGSEND = YES;
				GCC_C_LANGUAGE_STANDARD = gnu99;
				GCC_WARN_64_TO_32_BIT_CONVERSION = YES;
				GCC_WARN_ABOUT_RETURN_TYPE = YES_ERROR;
				GCC_WARN_UNDECLARED_SELECTOR = YES;
				GCC_WARN_UNINITIALIZED_AUTOS = YES_AGGRESSIVE;
				GCC_WARN_UNUSED_FUNCTION = YES;
				GCC_WARN_UNUSED_VARIABLE = YES;
				IPHONEOS_DEPLOYMENT_TARGET = 8.1;
				MTL_ENABLE_DEBUG_INFO = NO;
				SDKROOT = iphoneos;
				VALIDATE_PRODUCT = YES;
			};
			name = Release;
		};
		13684A891A37583E00A508FB /* Debug */ = {
			isa = XCBuildConfiguration;
			baseConfigurationReference = 454167C7D51D19BFE1D2B4D2 /* Pods.debug.xcconfig */;
			buildSettings = {
				ASSETCATALOG_COMPILER_APPICON_NAME = AppIcon;
				ASSETCATALOG_COMPILER_LAUNCHIMAGE_NAME = LaunchImage;
				FRAMEWORK_SEARCH_PATHS = (
					"$(inherited)",
					"$(PROJECT_DIR)/YiYiProject/UMengShare/UMSocial_Sdk_Extra_Frameworks/TencentOpenAPI",
				);
				GCC_PREFIX_HEADER = "$(SRCROOT)/YiYiProject/PrefixHeader.pch";
				INFOPLIST_FILE = YiYiProject/Info.plist;
				IPHONEOS_DEPLOYMENT_TARGET = 7.0;
				LD_RUNPATH_SEARCH_PATHS = "$(inherited) @executable_path/Frameworks";
				LIBRARY_SEARCH_PATHS = (
					"$(inherited)",
					"$(PROJECT_DIR)/YiYiProject/UMengShare/UMSocial_Sdk_4.2.1",
					"$(PROJECT_DIR)/YiYiProject/UMengShare/UMSocial_Sdk_Extra_Frameworks/Sina",
					"$(PROJECT_DIR)/YiYiProject/UMengShare/UMSocial_Sdk_Extra_Frameworks/TencentOpenAPI",
					"$(PROJECT_DIR)/YiYiProject/UMengShare/UMSocial_Sdk_Extra_Frameworks/Wechat",
				);
				PRODUCT_NAME = "$(TARGET_NAME)";
				USER_HEADER_SEARCH_PATHS = "${SRCROOT}/**";
			};
			name = Debug;
		};
		13684A8A1A37583E00A508FB /* Release */ = {
			isa = XCBuildConfiguration;
			baseConfigurationReference = 316989CEF30908957578BF60 /* Pods.release.xcconfig */;
			buildSettings = {
				ASSETCATALOG_COMPILER_APPICON_NAME = AppIcon;
				ASSETCATALOG_COMPILER_LAUNCHIMAGE_NAME = LaunchImage;
				FRAMEWORK_SEARCH_PATHS = (
					"$(inherited)",
					"$(PROJECT_DIR)/YiYiProject/UMengShare/UMSocial_Sdk_Extra_Frameworks/TencentOpenAPI",
				);
				GCC_PREFIX_HEADER = "$(SRCROOT)/YiYiProject/PrefixHeader.pch";
				INFOPLIST_FILE = YiYiProject/Info.plist;
				IPHONEOS_DEPLOYMENT_TARGET = 7.0;
				LD_RUNPATH_SEARCH_PATHS = "$(inherited) @executable_path/Frameworks";
				LIBRARY_SEARCH_PATHS = (
					"$(inherited)",
					"$(PROJECT_DIR)/YiYiProject/UMengShare/UMSocial_Sdk_4.2.1",
					"$(PROJECT_DIR)/YiYiProject/UMengShare/UMSocial_Sdk_Extra_Frameworks/Sina",
					"$(PROJECT_DIR)/YiYiProject/UMengShare/UMSocial_Sdk_Extra_Frameworks/TencentOpenAPI",
					"$(PROJECT_DIR)/YiYiProject/UMengShare/UMSocial_Sdk_Extra_Frameworks/Wechat",
				);
				PRODUCT_NAME = "$(TARGET_NAME)";
				USER_HEADER_SEARCH_PATHS = "${SRCROOT}/**";
			};
			name = Release;
		};
		13684A8C1A37583E00A508FB /* Debug */ = {
			isa = XCBuildConfiguration;
			buildSettings = {
				BUNDLE_LOADER = "$(TEST_HOST)";
				FRAMEWORK_SEARCH_PATHS = (
					"$(SDKROOT)/Developer/Library/Frameworks",
					"$(inherited)",
				);
				GCC_PREPROCESSOR_DEFINITIONS = (
					"DEBUG=1",
					"$(inherited)",
				);
				INFOPLIST_FILE = YiYiProjectTests/Info.plist;
				LD_RUNPATH_SEARCH_PATHS = "$(inherited) @executable_path/Frameworks @loader_path/Frameworks";
				PRODUCT_NAME = "$(TARGET_NAME)";
				TEST_HOST = "$(BUILT_PRODUCTS_DIR)/YiYiProject.app/YiYiProject";
			};
			name = Debug;
		};
		13684A8D1A37583E00A508FB /* Release */ = {
			isa = XCBuildConfiguration;
			buildSettings = {
				BUNDLE_LOADER = "$(TEST_HOST)";
				FRAMEWORK_SEARCH_PATHS = (
					"$(SDKROOT)/Developer/Library/Frameworks",
					"$(inherited)",
				);
				INFOPLIST_FILE = YiYiProjectTests/Info.plist;
				LD_RUNPATH_SEARCH_PATHS = "$(inherited) @executable_path/Frameworks @loader_path/Frameworks";
				PRODUCT_NAME = "$(TARGET_NAME)";
				TEST_HOST = "$(BUILT_PRODUCTS_DIR)/YiYiProject.app/YiYiProject";
			};
			name = Release;
		};
/* End XCBuildConfiguration section */

/* Begin XCConfigurationList section */
		13684A601A37583E00A508FB /* Build configuration list for PBXProject "YiYiProject" */ = {
			isa = XCConfigurationList;
			buildConfigurations = (
				13684A861A37583E00A508FB /* Debug */,
				13684A871A37583E00A508FB /* Release */,
			);
			defaultConfigurationIsVisible = 0;
			defaultConfigurationName = Release;
		};
		13684A881A37583E00A508FB /* Build configuration list for PBXNativeTarget "YiYiProject" */ = {
			isa = XCConfigurationList;
			buildConfigurations = (
				13684A891A37583E00A508FB /* Debug */,
				13684A8A1A37583E00A508FB /* Release */,
			);
			defaultConfigurationIsVisible = 0;
			defaultConfigurationName = Release;
		};
		13684A8B1A37583E00A508FB /* Build configuration list for PBXNativeTarget "YiYiProjectTests" */ = {
			isa = XCConfigurationList;
			buildConfigurations = (
				13684A8C1A37583E00A508FB /* Debug */,
				13684A8D1A37583E00A508FB /* Release */,
			);
			defaultConfigurationIsVisible = 0;
			defaultConfigurationName = Release;
		};
/* End XCConfigurationList section */
	};
	rootObject = 13684A5D1A37583E00A508FB /* Project object */;
}
